{
  "lockfile_version": "1",
  "packages": {
    "bun@latest": {
      "last_modified": "2023-11-26T23:14:46Z",
      "resolved": "github:NixOS/nixpkgs/45827faa2132b8eade424f6bdd48d8828754341a#bun",
      "source": "devbox-search",
      "version": "1.0.14",
      "systems": {
        "aarch64-darwin": {
          "store_path": "/nix/store/kv9w6r2b43yfm0hm1ngxjkwxi3p4v36c-bun-1.0.14"
        },
        "aarch64-linux": {
          "store_path": "/nix/store/hd23c00w38wdmv1l9k5xvz0l0h05xcpx-bun-1.0.14"
        },
        "x86_64-linux": {
          "store_path": "/nix/store/rirvcfjgdk0a27hqsk40h2mx4p3c7q0w-bun-1.0.14"
        }
      }
    },
    "postgresql_13@latest": {
      "last_modified": "2024-01-14T03:55:27Z",
      "plugin_version": "0.0.2",
      "resolved": "github:NixOS/nixpkgs/dd5621df6dcb90122b50da5ec31c411a0de3e538#postgresql_13",
      "source": "devbox-search",
      "version": "13.13",
      "systems": {
        "aarch64-darwin": {
          "store_path": "/nix/store/8i4r74gj29k5ph3pmidqkis8m6a2nggi-postgresql-13.13"
        },
        "aarch64-linux": {
          "store_path": "/nix/store/kbhxb6kds5120yr47xr6xkdcdqdxa6ly-postgresql-13.13"
        },
        "x86_64-darwin": {
          "store_path": "/nix/store/4g36fb5ahp3b5wbrflrqcx7y8s6hxmd3-postgresql-13.13"
        },
        "x86_64-linux": {
          "store_path": "/nix/store/gj72hiqd6wna6ddll9bj6apfjyq3bhzd-postgresql-13.13"
        }
      }
    }
  }
}
